
Microsoft Visual Studio Solution File, Format Version 12.00
# Visual Studio 15
VisualStudioVersion = 15.0.28010.2016
MinimumVisualStudioVersion = 10.0.40219.1
Project("{9A19103F-16F7-4668-BE54-9A1E7A4F7556}") = "EmailSentimentAnalysisWebsite", "EmailSentimentAnalysisWebsite.csproj", "{E7882695-F2F3-46D6-989C-794DAE5F294E}"
EndProject
Global
	GlobalSection(SolutionConfigurationPlatforms) = preSolution
		Debug|Any CPU = Debug|Any CPU
		Release|Any CPU = Release|Any CPU
	EndGlobalSection
	GlobalSection(ProjectConfigurationPlatforms) = postSolution
		{E7882695-F2F3-46D6-989C-794DAE5F294E}.Debug|Any CPU.ActiveCfg = Debug|Any CPU
		{E7882695-F2F3-46D6-989C-794DAE5F294E}.Debug|Any CPU.Build.0 = Debug|Any CPU
		{E7882695-F2F3-46D6-989C-794DAE5F294E}.Release|Any CPU.ActiveCfg = Release|Any CPU
		{E7882695-F2F3-46D6-989C-794DAE5F294E}.Release|Any CPU.Build.0 = Release|Any CPU
	EndGlobalSection
	GlobalSection(SolutionProperties) = preSolution
		HideSolutionNode = FALSE
	EndGlobalSection
	GlobalSection(ExtensibilityGlobals) = postSolution
		SolutionGuid = {ECE114D9-1F5B-4396-B4F4-D3C172C31A81}
	EndGlobalSection
EndGlobal
